
Microsoft Visual Studio Solution File, Format Version 12.00
# Visual Studio Version 17
VisualStudioVersion = 17.2.32616.157
MinimumVisualStudioVersion = 10.0.40219.1
Project("{FAE04EC0-301F-11D3-BF4B-00C04F79EFBC}") = "TestAssignment", "TestAssignment\TestAssignment.csproj", "{684895A2-49DC-4893-A2CA-878A8E595882}"
EndProject
Global
	GlobalSection(SolutionConfigurationPlatforms) = preSolution
		Debug|Any CPU = Debug|Any CPU
		Release|Any CPU = Release|Any CPU
	EndGlobalSection
	GlobalSection(ProjectConfigurationPlatforms) = postSolution
		{684895A2-49DC-4893-A2CA-878A8E595882}.Debug|Any CPU.ActiveCfg = Debug|Any CPU
		{684895A2-49DC-4893-A2CA-878A8E595882}.Debug|Any CPU.Build.0 = Debug|Any CPU
		{684895A2-49DC-4893-A2CA-878A8E595882}.Release|Any CPU.ActiveCfg = Release|Any CPU
		{684895A2-49DC-4893-A2CA-878A8E595882}.Release|Any CPU.Build.0 = Release|Any CPU
	EndGlobalSection
	GlobalSection(SolutionProperties) = preSolution
		HideSolutionNode = FALSE
	EndGlobalSection
	GlobalSection(ExtensibilityGlobals) = postSolution
		SolutionGuid = {04C93CEF-4800-40D9-93E9-F470876BBD8B}
	EndGlobalSection
EndGlobal
